# THIS IS AN AUTOGENERATED FILE. DO NOT EDIT THIS FILE DIRECTLY.
# yarn lockfile v1


spdx-correct@^3.0.0:
  version "3.1.0"
  resolved "https://registry.yarnpkg.com/spdx-correct/-/spdx-correct-3.1.0.tgz#fb83e504445268f154b074e218c87c003cd31df4"
  integrity sha512-lr2EZCctC2BNR7j7WzJ2FpDznxky1sjfxvvYEyzxNyb6lZXHODmEoJeFu4JupYlkfha1KZpJyoqiJ7pgA1qq8Q==
  dependencies:
    spdx-expression-parse "^3.0.0"
    spdx-license-ids "^3.0.0"

spdx-exceptions@^2.1.0:
  version "2.2.0"
  resolved "https://registry.yarnpkg.com/spdx-exceptions/-/spdx-exceptions-2.2.0.tgz#2ea450aee74f2a89bfb94519c07fcd6f41322977"
  integrity sha512-2XQACfElKi9SlVb1CYadKDXvoajPgBVPn/gOQLrTvHdElaVhr7ZEbqJaRnJLVNeaI4cMEAgVCeBMKF6MWRDCRA==

spdx-expression-parse@^3.0.0:
  version "3.0.0"
  resolved "https://registry.yarnpkg.com/spdx-expression-parse/-/spdx-expression-parse-3.0.0.tgz#99e119b7a5da00e05491c9fa338b7904823b41d0"
  integrity sha512-Yg6D3XpRD4kkOmTpdgbUiEJFKghJH03fiC1OPll5h/0sO6neh2jqRDVHOQ4o/LMea0tgCkbMgea5ip/e+MkWyg==
  dependencies:
    spdx-exceptions "^2.1.0"
    spdx-license-ids "^3.0.0"

spdx-license-ids@^3.0.0:
  version "3.0.3"
  resolved "https://registry.yarnpkg.com/spdx-license-ids/-/spdx-license-ids-3.0.3.tgz#81c0ce8f21474756148bbb5f3bfc0f36bf15d76e"
  integrity sha512-uBIcIl3Ih6Phe3XHK1NqboJLdGfwr1UN3k6wSD1dZpmPsIkb8AGNbZYJ1fOBk834+Gxy8rpfDxrS6XLEMZMY2g==

validate-npm-package-license@^3.0.4:
  version "3.0.4"
  resolved "https://registry.yarnpkg.com/validate-npm-package-license/-/validate-npm-package-license-3.0.4.tgz#fc91f6b9c7ba15c857f4cb2c5defeec39d4f410a"
  integrity sha512-DpKm2Ui/xN7/HQKCtpZxoRWBhZ9Z0kqtygG8XCgNQ8ZlDnxuQmWhj566j8fN4Cu3/JmbhsDo7fcAJq4s9h27Ew==
  dependencies:
    spdx-correct "^3.0.0"
    spdx-expression-parse "^3.0.0"
